
Microsoft Visual Studio Solution File, Format Version 12.00
# Visual Studio Version 17
VisualStudioVersion = 17.9.34902.65
MinimumVisualStudioVersion = 10.0.40219.1
Project("{8BC9CEB8-8B4A-11D0-8D11-00A0C91BC942}") = "This_is_Algorithm", "This_is_Algorithm.vcxproj", "{1E6FDA36-7F0E-40F8-A6E7-435238E104CF}"
EndProject
Global
	GlobalSection(SolutionConfigurationPlatforms) = preSolution
		Debug|x64 = Debug|x64
		Debug|x86 = Debug|x86
		Release|x64 = Release|x64
		Release|x86 = Release|x86
	EndGlobalSection
	GlobalSection(ProjectConfigurationPlatforms) = postSolution
		{1E6FDA36-7F0E-40F8-A6E7-435238E104CF}.Debug|x64.ActiveCfg = Debug|x64
		{1E6FDA36-7F0E-40F8-A6E7-435238E104CF}.Debug|x64.Build.0 = Debug|x64
		{1E6FDA36-7F0E-40F8-A6E7-435238E104CF}.Debug|x86.ActiveCfg = Debug|Win32
		{1E6FDA36-7F0E-40F8-A6E7-435238E104CF}.Debug|x86.Build.0 = Debug|Win32
		{1E6FDA36-7F0E-40F8-A6E7-435238E104CF}.Release|x64.ActiveCfg = Release|x64
		{1E6FDA36-7F0E-40F8-A6E7-435238E104CF}.Release|x64.Build.0 = Release|x64
		{1E6FDA36-7F0E-40F8-A6E7-435238E104CF}.Release|x86.ActiveCfg = Release|Win32
		{1E6FDA36-7F0E-40F8-A6E7-435238E104CF}.Release|x86.Build.0 = Release|Win32
	EndGlobalSection
	GlobalSection(SolutionProperties) = preSolution
		HideSolutionNode = FALSE
	EndGlobalSection
	GlobalSection(ExtensibilityGlobals) = postSolution
		SolutionGuid = {40ACB366-5B82-445C-88E5-5E4BE7DEB1A1}
	EndGlobalSection
EndGlobal
